
Microsoft Visual Studio Solution File, Format Version 12.00
# Visual Studio Version 17
VisualStudioVersion = 17.6.33829.357
MinimumVisualStudioVersion = 10.0.40219.1
Project("{FAE04EC0-301F-11D3-BF4B-00C04F79EFBC}") = "School.Business", "School.Business\School.Business.csproj", "{9EB4FAB1-D25D-44C4-8A68-E9A4C0172492}"
EndProject
Project("{FAE04EC0-301F-11D3-BF4B-00C04F79EFBC}") = "School.DataAccess", "School.DataAccess\School.DataAccess.csproj", "{2BA3B52C-F64A-4DA1-A3E5-E7315B3E6FF2}"
EndProject
Project("{FAE04EC0-301F-11D3-BF4B-00C04F79EFBC}") = "School.Entities", "School.Entities\School.Entities.csproj", "{26D30F14-B73B-4B6C-956D-FB3DAB70C610}"
EndProject
Project("{FAE04EC0-301F-11D3-BF4B-00C04F79EFBC}") = "School.WebFormsUI", "School.WebFormsUI\School.WebFormsUI.csproj", "{C8FA3A5C-AC3C-4B44-8D12-5180D0F3C317}"
EndProject
Global
	GlobalSection(SolutionConfigurationPlatforms) = preSolution
		Debug|Any CPU = Debug|Any CPU
		Release|Any CPU = Release|Any CPU
	EndGlobalSection
	GlobalSection(ProjectConfigurationPlatforms) = postSolution
		{9EB4FAB1-D25D-44C4-8A68-E9A4C0172492}.Debug|Any CPU.ActiveCfg = Debug|Any CPU
		{9EB4FAB1-D25D-44C4-8A68-E9A4C0172492}.Debug|Any CPU.Build.0 = Debug|Any CPU
		{9EB4FAB1-D25D-44C4-8A68-E9A4C0172492}.Release|Any CPU.ActiveCfg = Release|Any CPU
		{9EB4FAB1-D25D-44C4-8A68-E9A4C0172492}.Release|Any CPU.Build.0 = Release|Any CPU
		{2BA3B52C-F64A-4DA1-A3E5-E7315B3E6FF2}.Debug|Any CPU.ActiveCfg = Debug|Any CPU
		{2BA3B52C-F64A-4DA1-A3E5-E7315B3E6FF2}.Debug|Any CPU.Build.0 = Debug|Any CPU
		{2BA3B52C-F64A-4DA1-A3E5-E7315B3E6FF2}.Release|Any CPU.ActiveCfg = Release|Any CPU
		{2BA3B52C-F64A-4DA1-A3E5-E7315B3E6FF2}.Release|Any CPU.Build.0 = Release|Any CPU
		{26D30F14-B73B-4B6C-956D-FB3DAB70C610}.Debug|Any CPU.ActiveCfg = Debug|Any CPU
		{26D30F14-B73B-4B6C-956D-FB3DAB70C610}.Debug|Any CPU.Build.0 = Debug|Any CPU
		{26D30F14-B73B-4B6C-956D-FB3DAB70C610}.Release|Any CPU.ActiveCfg = Release|Any CPU
		{26D30F14-B73B-4B6C-956D-FB3DAB70C610}.Release|Any CPU.Build.0 = Release|Any CPU
		{C8FA3A5C-AC3C-4B44-8D12-5180D0F3C317}.Debug|Any CPU.ActiveCfg = Debug|Any CPU
		{C8FA3A5C-AC3C-4B44-8D12-5180D0F3C317}.Debug|Any CPU.Build.0 = Debug|Any CPU
		{C8FA3A5C-AC3C-4B44-8D12-5180D0F3C317}.Release|Any CPU.ActiveCfg = Release|Any CPU
		{C8FA3A5C-AC3C-4B44-8D12-5180D0F3C317}.Release|Any CPU.Build.0 = Release|Any CPU
	EndGlobalSection
	GlobalSection(SolutionProperties) = preSolution
		HideSolutionNode = FALSE
	EndGlobalSection
	GlobalSection(ExtensibilityGlobals) = postSolution
		SolutionGuid = {07256638-71A1-41A5-A736-3032D45AB772}
	EndGlobalSection
EndGlobal
